{
    "_readme": [
        "This file locks the dependencies of your project to a known state",
        "Read more about it at http://getcomposer.org/doc/01-basic-usage.md#composer-lock-the-lock-file"
    ],
    "hash": "689f8dd9df7d43825bf893471d3a07f0",
    "packages": [
        {
            "name": "adoy/oauth2",
            "version": "dev-master",
            "source": {
                "type": "git",
                "url": "https://github.com/adoy/PHP-OAuth2.git",
                "reference": "3a05348ba5e860949792d9160d9404ae758273c6"
            },
            "dist": {
                "type": "zip",
                "url": "https://api.github.com/repos/adoy/PHP-OAuth2/zipball/3a05348ba5e860949792d9160d9404ae758273c6",
                "reference": "3a05348ba5e860949792d9160d9404ae758273c6",
                "shasum": ""
            },
            "type": "library",
            "autoload": {
                "classmap": [
                    "../"
                ]
            },
            "notification-url": "https://packagist.org/downloads/",
            "authors": [
                {
                    "name": "Pierrick Charron",
                    "email": "pierrick@webstart.fr"
                },
                {
                    "name": "Berejeb Anis",
                    "email": "anis.berejeb@gmail.com"
                }
            ],
            "description": "Light PHP wrapper for the OAuth 2.0 protocol (based on OAuth 2.0 Authorization Protocol draft-ietf-oauth-v2-15)",
            "time": "2013-06-12 22:41:51"
        },
        {
            "name": "bshaffer/oauth2-server-php",
            "version": "dev-develop",
            "source": {
                "type": "git",
                "url": "https://github.com/bshaffer/oauth2-server-php.git",
                "reference": "eb1c165af6feb5b9b7eade8ce42cec8acd0c51cc"
            },
            "dist": {
                "type": "zip",
                "url": "https://api.github.com/repos/bshaffer/oauth2-server-php/zipball/eb1c165af6feb5b9b7eade8ce42cec8acd0c51cc",
                "reference": "eb1c165af6feb5b9b7eade8ce42cec8acd0c51cc",
                "shasum": ""
            },
            "require": {
                "php": ">=5.2.0"
            },
            "type": "library",
            "autoload": {
                "psr-0": {
                    "OAuth2": "src/"
                }
            },
            "notification-url": "https://packagist.org/downloads/",
            "license": [
                "MIT"
            ],
            "authors": [
                {
                    "name": "Brent Shaffer",
                    "email": "bshafs@gmail.com",
                    "homepage": "http://brentertainment.com"
                }
            ],
            "description": "OAuth2 Server for PHP",
            "homepage": "http://github.com/bshaffer/oauth2-server-php",
            "keywords": [
                "auth",
                "oauth",
                "oauth2"
            ],
            "time": "2013-09-25 15:54:44"
        }
    ],
    "packages-dev": [

    ],
    "aliases": [

    ],
    "minimum-stability": "stable",
    "stability-flags": {
        "adoy/oauth2": 20,
        "bshaffer/oauth2-server-php": 20
    },
    "platform": [

    ],
    "platform-dev": [

    ]
}
